
Microsoft Visual Studio Solution File, Format Version 12.00
Project("{FAE04EC0-301F-11D3-BF4B-00C04F79EFBC}") = "experitone-api", "experitone-api\experitone-api.csproj", "{3D7F50F9-B25B-4438-9CBF-7861F60E6DB1}"
EndProject
Global
	GlobalSection(SolutionConfigurationPlatforms) = preSolution
		Debug|Any CPU = Debug|Any CPU
		Release|Any CPU = Release|Any CPU
	EndGlobalSection
	GlobalSection(ProjectConfigurationPlatforms) = postSolution
		{3D7F50F9-B25B-4438-9CBF-7861F60E6DB1}.Debug|Any CPU.ActiveCfg = Debug|Any CPU
		{3D7F50F9-B25B-4438-9CBF-7861F60E6DB1}.Debug|Any CPU.Build.0 = Debug|Any CPU
		{3D7F50F9-B25B-4438-9CBF-7861F60E6DB1}.Release|Any CPU.ActiveCfg = Release|Any CPU
		{3D7F50F9-B25B-4438-9CBF-7861F60E6DB1}.Release|Any CPU.Build.0 = Release|Any CPU
	EndGlobalSection
EndGlobal
